
Microsoft Visual Studio Solution File, Format Version 12.00
# Visual Studio Version 17
VisualStudioVersion = 17.6.33829.357
MinimumVisualStudioVersion = 10.0.40219.1
Project("{FAE04EC0-301F-11D3-BF4B-00C04F79EFBC}") = "Film_Arsivim", "Film_Arsivim\Film_Arsivim.csproj", "{84A8EC04-8310-4F53-8CFE-09EFDDC3E517}"
EndProject
Global
	GlobalSection(SolutionConfigurationPlatforms) = preSolution
		Debug|Any CPU = Debug|Any CPU
		Release|Any CPU = Release|Any CPU
	EndGlobalSection
	GlobalSection(ProjectConfigurationPlatforms) = postSolution
		{84A8EC04-8310-4F53-8CFE-09EFDDC3E517}.Debug|Any CPU.ActiveCfg = Debug|Any CPU
		{84A8EC04-8310-4F53-8CFE-09EFDDC3E517}.Debug|Any CPU.Build.0 = Debug|Any CPU
		{84A8EC04-8310-4F53-8CFE-09EFDDC3E517}.Release|Any CPU.ActiveCfg = Release|Any CPU
		{84A8EC04-8310-4F53-8CFE-09EFDDC3E517}.Release|Any CPU.Build.0 = Release|Any CPU
	EndGlobalSection
	GlobalSection(SolutionProperties) = preSolution
		HideSolutionNode = FALSE
	EndGlobalSection
	GlobalSection(ExtensibilityGlobals) = postSolution
		SolutionGuid = {C81ECCC4-63C4-4E63-9B64-5F89A15F3107}
	EndGlobalSection
EndGlobal
